{
  "name": "jp",
  "lockfileVersion": 2,
  "requires": true,
  "packages": {
    "": {
      "dependencies": {
        "hepburn": "^1.2.0"
      }
    },
    "node_modules/bulk-replace": {
      "version": "0.0.1",
      "resolved": "https://registry.npmjs.org/bulk-replace/-/bulk-replace-0.0.1.tgz",
      "integrity": "sha512-IxLEnfsCYLjlpf6mG7SWpWgA4A8IAT5dAX3FxXHFn+6FTLf3ums771elQ74sj1BCOVanBf6esu0rEC6zgwfmIg=="
    },
    "node_modules/hepburn": {
      "version": "1.2.0",
      "resolved": "https://registry.npmjs.org/hepburn/-/hepburn-1.2.0.tgz",
      "integrity": "sha512-xWjHb03dN/ivNcqG2vqA//sHQ0oapYGZ9QV/2TR7m2+cggxzoVpbDxZn9s/Zm1tF88/7a1IpdZyn00tNP5oABA==",
      "dependencies": {
        "bulk-replace": "0.0.1"
      },
      "engines": {
        "node": ">=4"
      }
    }
  },
  "dependencies": {
    "bulk-replace": {
      "version": "0.0.1",
      "resolved": "https://registry.npmjs.org/bulk-replace/-/bulk-replace-0.0.1.tgz",
      "integrity": "sha512-IxLEnfsCYLjlpf6mG7SWpWgA4A8IAT5dAX3FxXHFn+6FTLf3ums771elQ74sj1BCOVanBf6esu0rEC6zgwfmIg=="
    },
    "hepburn": {
      "version": "1.2.0",
      "resolved": "https://registry.npmjs.org/hepburn/-/hepburn-1.2.0.tgz",
      "integrity": "sha512-xWjHb03dN/ivNcqG2vqA//sHQ0oapYGZ9QV/2TR7m2+cggxzoVpbDxZn9s/Zm1tF88/7a1IpdZyn00tNP5oABA==",
      "requires": {
        "bulk-replace": "0.0.1"
      }
    }
  }
}
